// !$*UTF8*$!
{
	archiveVersion = 1;
	classes = {
	};
	objectVersion = 48;
	objects = {

/* Begin PBXBuildFile section */
		E535B4DC936A1D7BF9298492 /* Pods_InstagramFirebase.framework in Frameworks */ = {isa = PBXBuildFile; fileRef = 66A5B31070A692077B6E3769 /* Pods_InstagramFirebase.framework */; };
		FD135444202E0E08007828E6 /* Post.swift in Sources */ = {isa = PBXBuildFile; fileRef = FD135443202E0E08007828E6 /* Post.swift */; };
		FD135447202E1046007828E6 /* UserProfilePhotoCell.swift in Sources */ = {isa = PBXBuildFile; fileRef = FD135446202E1046007828E6 /* UserProfilePhotoCell.swift */; };
		FD21DDD720186B3A00478FD9 /* AppDelegate.swift in Sources */ = {isa = PBXBuildFile; fileRef = FD21DDD620186B3A00478FD9 /* AppDelegate.swift */; };
		FD21DDD920186B3A00478FD9 /* SignUpController.swift in Sources */ = {isa = PBXBuildFile; fileRef = FD21DDD820186B3A00478FD9 /* SignUpController.swift */; };
		FD21DDDC20186B3A00478FD9 /* Main.storyboard in Resources */ = {isa = PBXBuildFile; fileRef = FD21DDDA20186B3A00478FD9 /* Main.storyboard */; };
		FD21DDDE20186B3A00478FD9 /* Assets.xcassets in Resources */ = {isa = PBXBuildFile; fileRef = FD21DDDD20186B3A00478FD9 /* Assets.xcassets */; };
		FD21DDE120186B3A00478FD9 /* LaunchScreen.storyboard in Resources */ = {isa = PBXBuildFile; fileRef = FD21DDDF20186B3A00478FD9 /* LaunchScreen.storyboard */; };
		FD58736B2018930500FE82AF /* Extensions.swift in Sources */ = {isa = PBXBuildFile; fileRef = FD58736A2018930500FE82AF /* Extensions.swift */; };
		FD58736D2018BF1600FE82AF /* GoogleService-Info.plist in Resources */ = {isa = PBXBuildFile; fileRef = FD58736C2018BF1600FE82AF /* GoogleService-Info.plist */; };
		FD6A42EC2020E59B00BDF188 /*  PhotoSelectorCell.swift in Sources */ = {isa = PBXBuildFile; fileRef = FD6A42EB2020E59B00BDF188 /*  PhotoSelectorCell.swift */; };
		FD6A42EE2020EAB200BDF188 /* PhotoSelectorHeader.swift in Sources */ = {isa = PBXBuildFile; fileRef = FD6A42ED2020EAB200BDF188 /* PhotoSelectorHeader.swift */; };
		FD6A42F020210E2400BDF188 /* SharePhotoController.swift in Sources */ = {isa = PBXBuildFile; fileRef = FD6A42EF20210E2400BDF188 /* SharePhotoController.swift */; };
		FDD11188201E2613000F8DD5 /* MainTabBarController.swift in Sources */ = {isa = PBXBuildFile; fileRef = FDD11187201E2613000F8DD5 /* MainTabBarController.swift */; };
		FDD1118A201E2A53000F8DD5 /* UserProfileController.swift in Sources */ = {isa = PBXBuildFile; fileRef = FDD11189201E2A53000F8DD5 /* UserProfileController.swift */; };
		FDD1118D201E5191000F8DD5 /* UserProfileHeader.swift in Sources */ = {isa = PBXBuildFile; fileRef = FDD1118C201E5191000F8DD5 /* UserProfileHeader.swift */; };
		FDF5CB37201F265700DBF432 /* LoginController.swift in Sources */ = {isa = PBXBuildFile; fileRef = FDF5CB36201F265700DBF432 /* LoginController.swift */; };
		FDF5CB3A202070BF00DBF432 /* PhotoSelectorController.swift in Sources */ = {isa = PBXBuildFile; fileRef = FDF5CB39202070BF00DBF432 /* PhotoSelectorController.swift */; };
/* End PBXBuildFile section */

/* Begin PBXFileReference section */
		66A5B31070A692077B6E3769 /* Pods_InstagramFirebase.framework */ = {isa = PBXFileReference; explicitFileType = wrapper.framework; includeInIndex = 0; path = Pods_InstagramFirebase.framework; sourceTree = BUILT_PRODUCTS_DIR; };
		6A6740934511257C9C3F6499 /* Pods-InstagramFirebase.release.xcconfig */ = {isa = PBXFileReference; includeInIndex = 1; lastKnownFileType = text.xcconfig; name = "Pods-InstagramFirebase.release.xcconfig"; path = "Pods/Target Support Files/Pods-InstagramFirebase/Pods-InstagramFirebase.release.xcconfig"; sourceTree = "<group>"; };
		CBEC73160AB9C0ED3E179CD3 /* Pods-InstagramFirebase.debug.xcconfig */ = {isa = PBXFileReference; includeInIndex = 1; lastKnownFileType = text.xcconfig; name = "Pods-InstagramFirebase.debug.xcconfig"; path = "Pods/Target Support Files/Pods-InstagramFirebase/Pods-InstagramFirebase.debug.xcconfig"; sourceTree = "<group>"; };
		FD135443202E0E08007828E6 /* Post.swift */ = {isa = PBXFileReference; lastKnownFileType = sourcecode.swift; path = Post.swift; sourceTree = "<group>"; };
		FD135446202E1046007828E6 /* UserProfilePhotoCell.swift */ = {isa = PBXFileReference; lastKnownFileType = sourcecode.swift; path = UserProfilePhotoCell.swift; sourceTree = "<group>"; };
		FD21DDD320186B3A00478FD9 /* InstagramFirebase.app */ = {isa = PBXFileReference; explicitFileType = wrapper.application; includeInIndex = 0; path = InstagramFirebase.app; sourceTree = BUILT_PRODUCTS_DIR; };
		FD21DDD620186B3A00478FD9 /* AppDelegate.swift */ = {isa = PBXFileReference; lastKnownFileType = sourcecode.swift; path = AppDelegate.swift; sourceTree = "<group>"; };
		FD21DDD820186B3A00478FD9 /* SignUpController.swift */ = {isa = PBXFileReference; lastKnownFileType = sourcecode.swift; path = SignUpController.swift; sourceTree = "<group>"; };
		FD21DDDB20186B3A00478FD9 /* Base */ = {isa = PBXFileReference; lastKnownFileType = file.storyboard; name = Base; path = Base.lproj/Main.storyboard; sourceTree = "<group>"; };
		FD21DDDD20186B3A00478FD9 /* Assets.xcassets */ = {isa = PBXFileReference; lastKnownFileType = folder.assetcatalog; path = Assets.xcassets; sourceTree = "<group>"; };
		FD21DDE020186B3A00478FD9 /* Base */ = {isa = PBXFileReference; lastKnownFileType = file.storyboard; name = Base; path = Base.lproj/LaunchScreen.storyboard; sourceTree = "<group>"; };
		FD21DDE220186B3A00478FD9 /* Info.plist */ = {isa = PBXFileReference; lastKnownFileType = text.plist.xml; path = Info.plist; sourceTree = "<group>"; };
		FD58736A2018930500FE82AF /* Extensions.swift */ = {isa = PBXFileReference; lastKnownFileType = sourcecode.swift; path = Extensions.swift; sourceTree = "<group>"; };
		FD58736C2018BF1600FE82AF /* GoogleService-Info.plist */ = {isa = PBXFileReference; fileEncoding = 4; lastKnownFileType = text.plist.xml; path = "GoogleService-Info.plist"; sourceTree = "<group>"; };
		FD6A42EB2020E59B00BDF188 /*  PhotoSelectorCell.swift */ = {isa = PBXFileReference; lastKnownFileType = sourcecode.swift; path = " PhotoSelectorCell.swift"; sourceTree = "<group>"; };
		FD6A42ED2020EAB200BDF188 /* PhotoSelectorHeader.swift */ = {isa = PBXFileReference; lastKnownFileType = sourcecode.swift; path = PhotoSelectorHeader.swift; sourceTree = "<group>"; };
		FD6A42EF20210E2400BDF188 /* SharePhotoController.swift */ = {isa = PBXFileReference; lastKnownFileType = sourcecode.swift; path = SharePhotoController.swift; sourceTree = "<group>"; };
		FDD11187201E2613000F8DD5 /* MainTabBarController.swift */ = {isa = PBXFileReference; lastKnownFileType = sourcecode.swift; path = MainTabBarController.swift; sourceTree = "<group>"; };
		FDD11189201E2A53000F8DD5 /* UserProfileController.swift */ = {isa = PBXFileReference; lastKnownFileType = sourcecode.swift; path = UserProfileController.swift; sourceTree = "<group>"; };
		FDD1118C201E5191000F8DD5 /* UserProfileHeader.swift */ = {isa = PBXFileReference; lastKnownFileType = sourcecode.swift; path = UserProfileHeader.swift; sourceTree = "<group>"; };
		FDF5CB36201F265700DBF432 /* LoginController.swift */ = {isa = PBXFileReference; lastKnownFileType = sourcecode.swift; path = LoginController.swift; sourceTree = "<group>"; };
		FDF5CB39202070BF00DBF432 /* PhotoSelectorController.swift */ = {isa = PBXFileReference; lastKnownFileType = sourcecode.swift; path = PhotoSelectorController.swift; sourceTree = "<group>"; };
/* End PBXFileReference section */

/* Begin PBXFrameworksBuildPhase section */
		FD21DDD020186B3A00478FD9 /* Frameworks */ = {
			isa = PBXFrameworksBuildPhase;
			buildActionMask = 2147483647;
			files = (
				E535B4DC936A1D7BF9298492 /* Pods_InstagramFirebase.framework in Frameworks */,
			);
			runOnlyForDeploymentPostprocessing = 0;
		};
/* End PBXFrameworksBuildPhase section */

/* Begin PBXGroup section */
		429361EDEE8EF4D65525D5DF /* Pods */ = {
			isa = PBXGroup;
			children = (
				CBEC73160AB9C0ED3E179CD3 /* Pods-InstagramFirebase.debug.xcconfig */,
				6A6740934511257C9C3F6499 /* Pods-InstagramFirebase.release.xcconfig */,
			);
			name = Pods;
			sourceTree = "<group>";
		};
		6E91BAF34E83E079E9704183 /* Frameworks */ = {
			isa = PBXGroup;
			children = (
				66A5B31070A692077B6E3769 /* Pods_InstagramFirebase.framework */,
			);
			name = Frameworks;
			sourceTree = "<group>";
		};
		FD135445202E0E15007828E6 /* Model */ = {
			isa = PBXGroup;
			children = (
				FD135443202E0E08007828E6 /* Post.swift */,
			);
			path = Model;
			sourceTree = "<group>";
		};
		FD21DDCA20186B3A00478FD9 = {
			isa = PBXGroup;
			children = (
				FD21DDD520186B3A00478FD9 /* InstagramFirebase */,
				FD21DDD420186B3A00478FD9 /* Products */,
				429361EDEE8EF4D65525D5DF /* Pods */,
				6E91BAF34E83E079E9704183 /* Frameworks */,
			);
			sourceTree = "<group>";
		};
		FD21DDD420186B3A00478FD9 /* Products */ = {
			isa = PBXGroup;
			children = (
				FD21DDD320186B3A00478FD9 /* InstagramFirebase.app */,
			);
			name = Products;
			sourceTree = "<group>";
		};
		FD21DDD520186B3A00478FD9 /* InstagramFirebase */ = {
			isa = PBXGroup;
			children = (
				FD135445202E0E15007828E6 /* Model */,
				FDF5CB382020709F00DBF432 /* AddPhoto */,
				FDF5CB35201F25FA00DBF432 /* Login */,
				FDD1118B201E5179000F8DD5 /* UserProfile */,
				FD587369201892EC00FE82AF /* Utils */,
				FD21DDD620186B3A00478FD9 /* AppDelegate.swift */,
				FDD11187201E2613000F8DD5 /* MainTabBarController.swift */,
				FD21DDDA20186B3A00478FD9 /* Main.storyboard */,
				FD21DDDD20186B3A00478FD9 /* Assets.xcassets */,
				FD21DDDF20186B3A00478FD9 /* LaunchScreen.storyboard */,
				FD21DDE220186B3A00478FD9 /* Info.plist */,
				FD58736C2018BF1600FE82AF /* GoogleService-Info.plist */,
			);
			path = InstagramFirebase;
			sourceTree = "<group>";
		};
		FD2CB12B202E0B630065CE2F /* New Group */ = {
			isa = PBXGroup;
			children = (
			);
			path = "New Group";
			sourceTree = "<group>";
		};
		FD587369201892EC00FE82AF /* Utils */ = {
			isa = PBXGroup;
			children = (
				FD58736A2018930500FE82AF /* Extensions.swift */,
			);
			path = Utils;
			sourceTree = "<group>";
		};
		FDD1118B201E5179000F8DD5 /* UserProfile */ = {
			isa = PBXGroup;
			children = (
				FDD1118C201E5191000F8DD5 /* UserProfileHeader.swift */,
				FDD11189201E2A53000F8DD5 /* UserProfileController.swift */,
				FD135446202E1046007828E6 /* UserProfilePhotoCell.swift */,
			);
			path = UserProfile;
			sourceTree = "<group>";
		};
		FDF5CB35201F25FA00DBF432 /* Login */ = {
			isa = PBXGroup;
			children = (
				FD21DDD820186B3A00478FD9 /* SignUpController.swift */,
				FDF5CB36201F265700DBF432 /* LoginController.swift */,
			);
			path = Login;
			sourceTree = "<group>";
		};
		FDF5CB382020709F00DBF432 /* AddPhoto */ = {
			isa = PBXGroup;
			children = (
				FD2CB12B202E0B630065CE2F /* New Group */,
				FDF5CB39202070BF00DBF432 /* PhotoSelectorController.swift */,
				FD6A42EB2020E59B00BDF188 /*  PhotoSelectorCell.swift */,
				FD6A42ED2020EAB200BDF188 /* PhotoSelectorHeader.swift */,
				FD6A42EF20210E2400BDF188 /* SharePhotoController.swift */,
			);
			path = AddPhoto;
			sourceTree = "<group>";
		};
/* End PBXGroup section */

/* Begin PBXNativeTarget section */
		FD21DDD220186B3A00478FD9 /* InstagramFirebase */ = {
			isa = PBXNativeTarget;
			buildConfigurationList = FD21DDE520186B3A00478FD9 /* Build configuration list for PBXNativeTarget "InstagramFirebase" */;
			buildPhases = (
				85C51B0EE113E52A5884A1A4 /* [CP] Check Pods Manifest.lock */,
				FD21DDCF20186B3A00478FD9 /* Sources */,
				FD21DDD020186B3A00478FD9 /* Frameworks */,
				FD21DDD120186B3A00478FD9 /* Resources */,
				6FBF9FEEDE3F4DD576C499D5 /* [CP] Embed Pods Frameworks */,
				4CA633183757A0E413C1053A /* [CP] Copy Pods Resources */,
			);
			buildRules = (
			);
			dependencies = (
			);
			name = InstagramFirebase;
			productName = InstagramFirebase;
			productReference = FD21DDD320186B3A00478FD9 /* InstagramFirebase.app */;
			productType = "com.apple.product-type.application";
		};
/* End PBXNativeTarget section */

/* Begin PBXProject section */
		FD21DDCB20186B3A00478FD9 /* Project object */ = {
			isa = PBXProject;
			attributes = {
				LastSwiftUpdateCheck = 0920;
				LastUpgradeCheck = 0920;
				ORGANIZATIONNAME = "Ankit Baid";
				TargetAttributes = {
					FD21DDD220186B3A00478FD9 = {
						CreatedOnToolsVersion = 9.2;
						ProvisioningStyle = Automatic;
					};
				};
			};
			buildConfigurationList = FD21DDCE20186B3A00478FD9 /* Build configuration list for PBXProject "InstagramFirebase" */;
			compatibilityVersion = "Xcode 8.0";
			developmentRegion = en;
			hasScannedForEncodings = 0;
			knownRegions = (
				en,
				Base,
			);
			mainGroup = FD21DDCA20186B3A00478FD9;
			productRefGroup = FD21DDD420186B3A00478FD9 /* Products */;
			projectDirPath = "";
			projectRoot = "";
			targets = (
				FD21DDD220186B3A00478FD9 /* InstagramFirebase */,
			);
		};
/* End PBXProject section */

/* Begin PBXResourcesBuildPhase section */
		FD21DDD120186B3A00478FD9 /* Resources */ = {
			isa = PBXResourcesBuildPhase;
			buildActionMask = 2147483647;
			files = (
				FD21DDE120186B3A00478FD9 /* LaunchScreen.storyboard in Resources */,
				FD58736D2018BF1600FE82AF /* GoogleService-Info.plist in Resources */,
				FD21DDDE20186B3A00478FD9 /* Assets.xcassets in Resources */,
				FD21DDDC20186B3A00478FD9 /* Main.storyboard in Resources */,
			);
			runOnlyForDeploymentPostprocessing = 0;
		};
/* End PBXResourcesBuildPhase section */

/* Begin PBXShellScriptBuildPhase section */
		4CA633183757A0E413C1053A /* [CP] Copy Pods Resources */ = {
			isa = PBXShellScriptBuildPhase;
			buildActionMask = 2147483647;
			files = (
			);
			inputPaths = (
			);
			name = "[CP] Copy Pods Resources";
			outputPaths = (
			);
			runOnlyForDeploymentPostprocessing = 0;
			shellPath = /bin/sh;
			shellScript = "\"${SRCROOT}/Pods/Target Support Files/Pods-InstagramFirebase/Pods-InstagramFirebase-resources.sh\"\n";
			showEnvVarsInLog = 0;
		};
		6FBF9FEEDE3F4DD576C499D5 /* [CP] Embed Pods Frameworks */ = {
			isa = PBXShellScriptBuildPhase;
			buildActionMask = 2147483647;
			files = (
			);
			inputPaths = (
				"${SRCROOT}/Pods/Target Support Files/Pods-InstagramFirebase/Pods-InstagramFirebase-frameworks.sh",
				"${BUILT_PRODUCTS_DIR}/GTMSessionFetcher/GTMSessionFetcher.framework",
				"${BUILT_PRODUCTS_DIR}/GoogleToolboxForMac/GoogleToolboxForMac.framework",
				"${BUILT_PRODUCTS_DIR}/leveldb-library/leveldb.framework",
				"${BUILT_PRODUCTS_DIR}/nanopb/nanopb.framework",
			);
			name = "[CP] Embed Pods Frameworks";
			outputPaths = (
				"${TARGET_BUILD_DIR}/${FRAMEWORKS_FOLDER_PATH}/GTMSessionFetcher.framework",
				"${TARGET_BUILD_DIR}/${FRAMEWORKS_FOLDER_PATH}/GoogleToolboxForMac.framework",
				"${TARGET_BUILD_DIR}/${FRAMEWORKS_FOLDER_PATH}/leveldb.framework",
				"${TARGET_BUILD_DIR}/${FRAMEWORKS_FOLDER_PATH}/nanopb.framework",
			);
			runOnlyForDeploymentPostprocessing = 0;
			shellPath = /bin/sh;
			shellScript = "\"${SRCROOT}/Pods/Target Support Files/Pods-InstagramFirebase/Pods-InstagramFirebase-frameworks.sh\"\n";
			showEnvVarsInLog = 0;
		};
		85C51B0EE113E52A5884A1A4 /* [CP] Check Pods Manifest.lock */ = {
			isa = PBXShellScriptBuildPhase;
			buildActionMask = 2147483647;
			files = (
			);
			inputPaths = (
				"${PODS_PODFILE_DIR_PATH}/Podfile.lock",
				"${PODS_ROOT}/Manifest.lock",
			);
			name = "[CP] Check Pods Manifest.lock";
			outputPaths = (
				"$(DERIVED_FILE_DIR)/Pods-InstagramFirebase-checkManifestLockResult.txt",
			);
			runOnlyForDeploymentPostprocessing = 0;
			shellPath = /bin/sh;
			shellScript = "diff \"${PODS_PODFILE_DIR_PATH}/Podfile.lock\" \"${PODS_ROOT}/Manifest.lock\" > /dev/null\nif [ $? != 0 ] ; then\n    # print error to STDERR\n    echo \"error: The sandbox is not in sync with the Podfile.lock. Run 'pod install' or update your CocoaPods installation.\" >&2\n    exit 1\nfi\n# This output is used by Xcode 'outputs' to avoid re-running this script phase.\necho \"SUCCESS\" > \"${SCRIPT_OUTPUT_FILE_0}\"\n";
			showEnvVarsInLog = 0;
		};
/* End PBXShellScriptBuildPhase section */

/* Begin PBXSourcesBuildPhase section */
		FD21DDCF20186B3A00478FD9 /* Sources */ = {
			isa = PBXSourcesBuildPhase;
			buildActionMask = 2147483647;
			files = (
				FD6A42F020210E2400BDF188 /* SharePhotoController.swift in Sources */,
				FD21DDD920186B3A00478FD9 /* SignUpController.swift in Sources */,
				FD58736B2018930500FE82AF /* Extensions.swift in Sources */,
				FD135444202E0E08007828E6 /* Post.swift in Sources */,
				FD6A42EC2020E59B00BDF188 /*  PhotoSelectorCell.swift in Sources */,
				FD135447202E1046007828E6 /* UserProfilePhotoCell.swift in Sources */,
				FDD11188201E2613000F8DD5 /* MainTabBarController.swift in Sources */,
				FDD1118D201E5191000F8DD5 /* UserProfileHeader.swift in Sources */,
				FDD1118A201E2A53000F8DD5 /* UserProfileController.swift in Sources */,
				FD21DDD720186B3A00478FD9 /* AppDelegate.swift in Sources */,
				FDF5CB37201F265700DBF432 /* LoginController.swift in Sources */,
				FD6A42EE2020EAB200BDF188 /* PhotoSelectorHeader.swift in Sources */,
				FDF5CB3A202070BF00DBF432 /* PhotoSelectorController.swift in Sources */,
			);
			runOnlyForDeploymentPostprocessing = 0;
		};
/* End PBXSourcesBuildPhase section */

/* Begin PBXVariantGroup section */
		FD21DDDA20186B3A00478FD9 /* Main.storyboard */ = {
			isa = PBXVariantGroup;
			children = (
				FD21DDDB20186B3A00478FD9 /* Base */,
			);
			name = Main.storyboard;
			sourceTree = "<group>";
		};
		FD21DDDF20186B3A00478FD9 /* LaunchScreen.storyboard */ = {
			isa = PBXVariantGroup;
			children = (
				FD21DDE020186B3A00478FD9 /* Base */,
			);
			name = LaunchScreen.storyboard;
			sourceTree = "<group>";
		};
/* End PBXVariantGroup section */

/* Begin XCBuildConfiguration section */
		FD21DDE320186B3A00478FD9 /* Debug */ = {
			isa = XCBuildConfiguration;
			buildSettings = {
				ALWAYS_SEARCH_USER_PATHS = NO;
				CLANG_ANALYZER_NONNULL = YES;
				CLANG_ANALYZER_NUMBER_OBJECT_CONVERSION = YES_AGGRESSIVE;
				CLANG_CXX_LANGUAGE_STANDARD = "gnu++14";
				CLANG_CXX_LIBRARY = "libc++";
				CLANG_ENABLE_MODULES = YES;
				CLANG_ENABLE_OBJC_ARC = YES;
				CLANG_WARN_BLOCK_CAPTURE_AUTORELEASING = YES;
				CLANG_WARN_BOOL_CONVERSION = YES;
				CLANG_WARN_COMMA = YES;
				CLANG_WARN_CONSTANT_CONVERSION = YES;
				CLANG_WARN_DIRECT_OBJC_ISA_USAGE = YES_ERROR;
				CLANG_WARN_DOCUMENTATION_COMMENTS = YES;
				CLANG_WARN_EMPTY_BODY = YES;
				CLANG_WARN_ENUM_CONVERSION = YES;
				CLANG_WARN_INFINITE_RECURSION = YES;
				CLANG_WARN_INT_CONVERSION = YES;
				CLANG_WARN_NON_LITERAL_NULL_CONVERSION = YES;
				CLANG_WARN_OBJC_LITERAL_CONVERSION = YES;
				CLANG_WARN_OBJC_ROOT_CLASS = YES_ERROR;
				CLANG_WARN_RANGE_LOOP_ANALYSIS = YES;
				CLANG_WARN_STRICT_PROTOTYPES = YES;
				CLANG_WARN_SUSPICIOUS_MOVE = YES;
				CLANG_WARN_UNGUARDED_AVAILABILITY = YES_AGGRESSIVE;
				CLANG_WARN_UNREACHABLE_CODE = YES;
				CLANG_WARN__DUPLICATE_METHOD_MATCH = YES;
				CODE_SIGN_IDENTITY = "iPhone Developer";
				COPY_PHASE_STRIP = NO;
				DEBUG_INFORMATION_FORMAT = dwarf;
				ENABLE_STRICT_OBJC_MSGSEND = YES;
				ENABLE_TESTABILITY = YES;
				GCC_C_LANGUAGE_STANDARD = gnu11;
				GCC_DYNAMIC_NO_PIC = NO;
				GCC_NO_COMMON_BLOCKS = YES;
				GCC_OPTIMIZATION_LEVEL = 0;
				GCC_PREPROCESSOR_DEFINITIONS = (
					"DEBUG=1",
					"$(inherited)",
				);
				GCC_WARN_64_TO_32_BIT_CONVERSION = YES;
				GCC_WARN_ABOUT_RETURN_TYPE = YES_ERROR;
				GCC_WARN_UNDECLARED_SELECTOR = YES;
				GCC_WARN_UNINITIALIZED_AUTOS = YES_AGGRESSIVE;
				GCC_WARN_UNUSED_FUNCTION = YES;
				GCC_WARN_UNUSED_VARIABLE = YES;
				IPHONEOS_DEPLOYMENT_TARGET = 11.2;
				MTL_ENABLE_DEBUG_INFO = YES;
				ONLY_ACTIVE_ARCH = YES;
				SDKROOT = iphoneos;
				SWIFT_ACTIVE_COMPILATION_CONDITIONS = DEBUG;
				SWIFT_OPTIMIZATION_LEVEL = "-Onone";
			};
			name = Debug;
		};
		FD21DDE420186B3A00478FD9 /* Release */ = {
			isa = XCBuildConfiguration;
			buildSettings = {
				ALWAYS_SEARCH_USER_PATHS = NO;
				CLANG_ANALYZER_NONNULL = YES;
				CLANG_ANALYZER_NUMBER_OBJECT_CONVERSION = YES_AGGRESSIVE;
				CLANG_CXX_LANGUAGE_STANDARD = "gnu++14";
				CLANG_CXX_LIBRARY = "libc++";
				CLANG_ENABLE_MODULES = YES;
				CLANG_ENABLE_OBJC_ARC = YES;
				CLANG_WARN_BLOCK_CAPTURE_AUTORELEASING = YES;
				CLANG_WARN_BOOL_CONVERSION = YES;
				CLANG_WARN_COMMA = YES;
				CLANG_WARN_CONSTANT_CONVERSION = YES;
				CLANG_WARN_DIRECT_OBJC_ISA_USAGE = YES_ERROR;
				CLANG_WARN_DOCUMENTATION_COMMENTS = YES;
				CLANG_WARN_EMPTY_BODY = YES;
				CLANG_WARN_ENUM_CONVERSION = YES;
				CLANG_WARN_INFINITE_RECURSION = YES;
				CLANG_WARN_INT_CONVERSION = YES;
				CLANG_WARN_NON_LITERAL_NULL_CONVERSION = YES;
				CLANG_WARN_OBJC_LITERAL_CONVERSION = YES;
				CLANG_WARN_OBJC_ROOT_CLASS = YES_ERROR;
				CLANG_WARN_RANGE_LOOP_ANALYSIS = YES;
				CLANG_WARN_STRICT_PROTOTYPES = YES;
				CLANG_WARN_SUSPICIOUS_MOVE = YES;
				CLANG_WARN_UNGUARDED_AVAILABILITY = YES_AGGRESSIVE;
				CLANG_WARN_UNREACHABLE_CODE = YES;
				CLANG_WARN__DUPLICATE_METHOD_MATCH = YES;
				CODE_SIGN_IDENTITY = "iPhone Developer";
				COPY_PHASE_STRIP = NO;
				DEBUG_INFORMATION_FORMAT = "dwarf-with-dsym";
				ENABLE_NS_ASSERTIONS = NO;
				ENABLE_STRICT_OBJC_MSGSEND = YES;
				GCC_C_LANGUAGE_STANDARD = gnu11;
				GCC_NO_COMMON_BLOCKS = YES;
				GCC_WARN_64_TO_32_BIT_CONVERSION = YES;
				GCC_WARN_ABOUT_RETURN_TYPE = YES_ERROR;
				GCC_WARN_UNDECLARED_SELECTOR = YES;
				GCC_WARN_UNINITIALIZED_AUTOS = YES_AGGRESSIVE;
				GCC_WARN_UNUSED_FUNCTION = YES;
				GCC_WARN_UNUSED_VARIABLE = YES;
				IPHONEOS_DEPLOYMENT_TARGET = 11.2;
				MTL_ENABLE_DEBUG_INFO = NO;
				SDKROOT = iphoneos;
				SWIFT_OPTIMIZATION_LEVEL = "-Owholemodule";
				VALIDATE_PRODUCT = YES;
			};
			name = Release;
		};
		FD21DDE620186B3A00478FD9 /* Debug */ = {
			isa = XCBuildConfiguration;
			baseConfigurationReference = CBEC73160AB9C0ED3E179CD3 /* Pods-InstagramFirebase.debug.xcconfig */;
			buildSettings = {
				ASSETCATALOG_COMPILER_APPICON_NAME = AppIcon;
				CODE_SIGN_STYLE = Automatic;
				DEVELOPMENT_TEAM = 85R84Q974U;
				INFOPLIST_FILE = InstagramFirebase/Info.plist;
				IPHONEOS_DEPLOYMENT_TARGET = 11.1;
				LD_RUNPATH_SEARCH_PATHS = "$(inherited) @executable_path/Frameworks";
				PRODUCT_BUNDLE_IDENTIFIER = xyz.sharenotes.InstagramFirebase;
				PRODUCT_NAME = "$(TARGET_NAME)";
				SWIFT_VERSION = 4.0;
				TARGETED_DEVICE_FAMILY = "1,2";
			};
			name = Debug;
		};
		FD21DDE720186B3A00478FD9 /* Release */ = {
			isa = XCBuildConfiguration;
			baseConfigurationReference = 6A6740934511257C9C3F6499 /* Pods-InstagramFirebase.release.xcconfig */;
			buildSettings = {
				ASSETCATALOG_COMPILER_APPICON_NAME = AppIcon;
				CODE_SIGN_STYLE = Automatic;
				DEVELOPMENT_TEAM = 85R84Q974U;
				INFOPLIST_FILE = InstagramFirebase/Info.plist;
				IPHONEOS_DEPLOYMENT_TARGET = 11.1;
				LD_RUNPATH_SEARCH_PATHS = "$(inherited) @executable_path/Frameworks";
				PRODUCT_BUNDLE_IDENTIFIER = xyz.sharenotes.InstagramFirebase;
				PRODUCT_NAME = "$(TARGET_NAME)";
				SWIFT_VERSION = 4.0;
				TARGETED_DEVICE_FAMILY = "1,2";
			};
			name = Release;
		};
/* End XCBuildConfiguration section */

/* Begin XCConfigurationList section */
		FD21DDCE20186B3A00478FD9 /* Build configuration list for PBXProject "InstagramFirebase" */ = {
			isa = XCConfigurationList;
			buildConfigurations = (
				FD21DDE320186B3A00478FD9 /* Debug */,
				FD21DDE420186B3A00478FD9 /* Release */,
			);
			defaultConfigurationIsVisible = 0;
			defaultConfigurationName = Release;
		};
		FD21DDE520186B3A00478FD9 /* Build configuration list for PBXNativeTarget "InstagramFirebase" */ = {
			isa = XCConfigurationList;
			buildConfigurations = (
				FD21DDE620186B3A00478FD9 /* Debug */,
				FD21DDE720186B3A00478FD9 /* Release */,
			);
			defaultConfigurationIsVisible = 0;
			defaultConfigurationName = Release;
		};
/* End XCConfigurationList section */
	};
	rootObject = FD21DDCB20186B3A00478FD9 /* Project object */;
}
